{
  "name": "react-hot-loader",
  "version": "1.3.1",
  "lockfileVersion": 1,
  "requires": true,
  "dependencies": {
    "amdefine": {
      "version": "1.0.1",
      "resolved": "https://registry.npmjs.org/amdefine/-/amdefine-1.0.1.tgz",
      "integrity": "sha1-SlKCrBZHKek2Gbz9OtFR+BfOkfU="
    },
    "react-deep-force-update": {
      "version": "1.1.1",
      "resolved": "https://registry.npmjs.org/react-deep-force-update/-/react-deep-force-update-1.1.1.tgz",
      "integrity": "sha1-vNMUeAJ7ZLMznxCJIatSC0MT3Cw="
    },
    "react-hot-api": {
      "version": "0.4.7",
      "resolved": "https://registry.npmjs.org/react-hot-api/-/react-hot-api-0.4.7.tgz",
      "integrity": "sha1-p+IqVtJS4Rq9k2a2EmTPRJLFgXE="
    },
    "source-map": {
      "version": "0.4.4",
      "resolved": "https://registry.npmjs.org/source-map/-/source-map-0.4.4.tgz",
      "integrity": "sha1-66T12pwNyZneaAMti092FzZSA2s=",
      "requires": {
        "amdefine": "1.0.1"
      }
    }
  }
}
